
Microsoft Visual Studio Solution File, Format Version 12.00
Project("{FAE04EC0-301F-11D3-BF4B-00C04F79EFBC}") = "Selig", "Selig\Selig.csproj", "{2391F212-6630-47B5-9B9F-BD869ED07CFA}"
EndProject
Project("{2150E333-8FDC-42A3-9474-1A3956D46DE8}") = "day1", "day1", "{11019D21-4C29-4261-8EBC-17C5C8FD1DC4}"
EndProject
Project("{FAE04EC0-301F-11D3-BF4B-00C04F79EFBC}") = "Methoden", "Methoden\Methoden.csproj", "{CE28CF40-9FC8-4A12-8102-6E4CC8B0A350}"
EndProject
Project("{2150E333-8FDC-42A3-9474-1A3956D46DE8}") = "Methoden", "Methoden", "{AB4CF01D-A4A6-40E7-96AD-FF65BA6AFD2F}"
EndProject
Project("{2150E333-8FDC-42A3-9474-1A3956D46DE8}") = "überschreiben", "überschreiben", "{C339BBC1-0E92-4069-A5F9-A881B32FA813}"
EndProject
Project("{FAE04EC0-301F-11D3-BF4B-00C04F79EFBC}") = "Ueberschreiben", "Ueberschreiben\Ueberschreiben.csproj", "{0D4E1AE4-1289-46B9-8D0D-8DCAA7859187}"
EndProject
Project("{2150E333-8FDC-42A3-9474-1A3956D46DE8}") = "Kapselungen", "Kapselungen", "{50097FA7-B532-41FE-AB75-B86D07F3DE90}"
EndProject
Project("{FAE04EC0-301F-11D3-BF4B-00C04F79EFBC}") = "Kapselung", "Kapselung\Kapselung.csproj", "{F4DAB4A8-34F8-4C5D-BA97-CC67F358FC6E}"
EndProject
Project("{2150E333-8FDC-42A3-9474-1A3956D46DE8}") = "Beziehungen", "Beziehungen", "{E037F0D5-9079-4201-8543-1665BBAC2FCE}"
EndProject
Project("{FAE04EC0-301F-11D3-BF4B-00C04F79EFBC}") = "Beziehungen", "Beziehungen\Beziehungen.csproj", "{5CEA1454-35DF-415F-AD2F-D1D793BE42A2}"
EndProject
Project("{2150E333-8FDC-42A3-9474-1A3956D46DE8}") = "Exception1", "Exception1", "{CF25B914-B36F-4340-B65F-F896B0FDF31D}"
EndProject
Project("{FAE04EC0-301F-11D3-BF4B-00C04F79EFBC}") = "Exception1", "Exception1\Exception1.csproj", "{426AFD94-4A2F-485B-BE4A-B778575BB190}"
EndProject
Project("{2150E333-8FDC-42A3-9474-1A3956D46DE8}") = "Exception2", "Exception2", "{82F5F2E3-9DD6-4A0D-9261-5C2B5B3BBE15}"
EndProject
Project("{FAE04EC0-301F-11D3-BF4B-00C04F79EFBC}") = "Exception2", "Exception2\Exception2.csproj", "{8361FD34-99F8-4DBE-995F-896CC7EE0EA1}"
EndProject
Project("{2150E333-8FDC-42A3-9474-1A3956D46DE8}") = "day2", "day2", "{67F3DEB2-EE6C-42A4-B268-432691B2F5DE}"
EndProject
Project("{2150E333-8FDC-42A3-9474-1A3956D46DE8}") = "Exception3", "Exception3", "{B72FE8E0-AA95-43B9-964D-3D7C06A67021}"
EndProject
Project("{FAE04EC0-301F-11D3-BF4B-00C04F79EFBC}") = "Exception3", "Exception3\Exception3.csproj", "{1A8A2F72-F649-4A1D-9A9A-3FDC598267F7}"
EndProject
Project("{2150E333-8FDC-42A3-9474-1A3956D46DE8}") = "Exception4", "Exception4", "{9FDE4237-2C92-4FE9-A9B1-1013FDE5509C}"
EndProject
Project("{FAE04EC0-301F-11D3-BF4B-00C04F79EFBC}") = "Exception4", "Exception4\Exception4.csproj", "{1875BE72-0106-4169-9B3D-C47D94159F68}"
EndProject
Project("{2150E333-8FDC-42A3-9474-1A3956D46DE8}") = "Aufgabe1", "Aufgabe1", "{1E1124BD-5ED9-4AA3-AB15-32FD1C5BBD58}"
EndProject
Project("{FAE04EC0-301F-11D3-BF4B-00C04F79EFBC}") = "Aufgabe1", "Aufgabe1\Aufgabe1.csproj", "{E2051D52-3A37-4425-9326-A3D034966CDA}"
EndProject
Project("{2150E333-8FDC-42A3-9474-1A3956D46DE8}") = "KILearnApp", "KILearnApp", "{EC0BE2E9-85E4-4ADC-BD65-7CFBF289B70D}"
EndProject
Project("{FAE04EC0-301F-11D3-BF4B-00C04F79EFBC}") = "KILearnApp", "KILearnApp\KILearnApp.csproj", "{807CDD2F-E7E6-4ECD-BBCD-5CBB64032A18}"
EndProject
Project("{2150E333-8FDC-42A3-9474-1A3956D46DE8}") = "KiEnemyLearning", "KiEnemyLearning", "{5FF9B1D2-AA21-49A1-848E-285CD27617A1}"
EndProject
Project("{FAE04EC0-301F-11D3-BF4B-00C04F79EFBC}") = "EnemyLearning", "EnemyLearning\EnemyLearning.csproj", "{A524E044-CFA8-48A8-B9D5-E1026E87DEB9}"
EndProject
Project("{2150E333-8FDC-42A3-9474-1A3956D46DE8}") = "day3", "day3", "{A0E1DAA2-B5A9-4DDD-8702-89222B1C5D5F}"
EndProject
Project("{FAE04EC0-301F-11D3-BF4B-00C04F79EFBC}") = "Generics", "Generics\Generics.csproj", "{C74F1CCC-4996-4EEB-A51D-F2D949D5FF18}"
EndProject
Project("{2150E333-8FDC-42A3-9474-1A3956D46DE8}") = "Generics", "Generics", "{CB3595A3-6E48-4A4A-8D9D-7FCAB6EB1CC6}"
EndProject
Project("{2150E333-8FDC-42A3-9474-1A3956D46DE8}") = "GenericRepoistory", "GenericRepoistory", "{AC82962B-0B5A-4911-8BC1-BE599DF0B32A}"
EndProject
Project("{FAE04EC0-301F-11D3-BF4B-00C04F79EFBC}") = "GenericRepository", "GenericRepository\GenericRepository.csproj", "{C9875934-66A1-4821-9FC2-300B45D4B5BD}"
EndProject
Project("{2150E333-8FDC-42A3-9474-1A3956D46DE8}") = "DelegatesAndEvents", "DelegatesAndEvents", "{F9000D9D-6870-47AA-A2D1-8FA2382BFDD4}"
EndProject
Project("{FAE04EC0-301F-11D3-BF4B-00C04F79EFBC}") = "Delegates01", "Delegates01\Delegates01.csproj", "{33E5364B-92D5-40D8-920B-203EA1FF2103}"
EndProject
Project("{2150E333-8FDC-42A3-9474-1A3956D46DE8}") = "Delegates01", "Delegates01", "{E9C5F341-6129-4813-9AEF-E0C5BD48CCC0}"
EndProject
Project("{2150E333-8FDC-42A3-9474-1A3956D46DE8}") = "Delegates02", "Delegates02", "{05A73D60-F817-4AC5-8E47-5B063C7F12BB}"
EndProject
Project("{FAE04EC0-301F-11D3-BF4B-00C04F79EFBC}") = "Delegates02", "Delegates02\Delegates02.csproj", "{E601210A-5A87-477C-AF02-C66A685C501E}"
EndProject
Project("{2150E333-8FDC-42A3-9474-1A3956D46DE8}") = "Delegates03", "Delegates03", "{EEF83E71-BEE6-4E9C-8470-D3CF9E335DF9}"
EndProject
Project("{FAE04EC0-301F-11D3-BF4B-00C04F79EFBC}") = "Delegates03", "Delegates03\Delegates03.csproj", "{AF065F7F-E17B-4C00-9021-EE7B98C213E0}"
EndProject
Project("{2150E333-8FDC-42A3-9474-1A3956D46DE8}") = "day4", "day4", "{DB10FD1F-E061-4D13-A902-33593CB2853C}"
EndProject
Project("{2150E333-8FDC-42A3-9474-1A3956D46DE8}") = "Events", "Events", "{89AE0E72-BF34-4C20-B435-C219CEDC03B9}"
EndProject
Project("{FAE04EC0-301F-11D3-BF4B-00C04F79EFBC}") = "Events01", "Events01\Events01.csproj", "{A703C63A-C8AB-422E-88F9-957AC7DC1875}"
EndProject
Project("{2150E333-8FDC-42A3-9474-1A3956D46DE8}") = "Wasserstand", "Wasserstand", "{2A46E296-73F5-4663-9DB5-BBF4D2EDDE9D}"
EndProject
Project("{FAE04EC0-301F-11D3-BF4B-00C04F79EFBC}") = "Wasserstand01", "Wasserstand01\Wasserstand01.csproj", "{ADE6382A-E466-41A1-8C43-478D077DBDF3}"
EndProject
Project("{2150E333-8FDC-42A3-9474-1A3956D46DE8}") = "Learning", "Learning", "{2EEE72E3-E225-47D0-8DFA-C16A93B5B0BA}"
EndProject
Project("{2150E333-8FDC-42A3-9474-1A3956D46DE8}") = "LearningEventsMVC", "LearningEventsMVC", "{A092ED42-F253-457E-A1EF-4E7CCC42D684}"
EndProject
Project("{FAE04EC0-301F-11D3-BF4B-00C04F79EFBC}") = "NachrichtenDienstEmail", "NachrichtenDienstEmail\NachrichtenDienstEmail.csproj", "{63321AF8-2E5A-4774-BA9A-A1990E4CF7ED}"
EndProject
Project("{2150E333-8FDC-42A3-9474-1A3956D46DE8}") = "Bestelldienst", "Bestelldienst", "{706D3E54-4088-4646-8FC8-A636F1651C6C}"
EndProject
Project("{FAE04EC0-301F-11D3-BF4B-00C04F79EFBC}") = "Bestelldienst01", "Bestelldienst01\Bestelldienst01.csproj", "{39AF15CC-7EF1-4FFF-94BF-46AB0C68A7E6}"
EndProject
Project("{2150E333-8FDC-42A3-9474-1A3956D46DE8}") = "day5", "day5", "{00823A0D-EBA9-4F15-AAE8-E02C3F43D4AB}"
EndProject
Project("{2150E333-8FDC-42A3-9474-1A3956D46DE8}") = "Wasserloch01", "Wasserloch01", "{C6139363-32C3-4D27-8C43-CEDC1FD0B073}"
EndProject
Project("{FAE04EC0-301F-11D3-BF4B-00C04F79EFBC}") = "Wasserloch01", "Wasserloch01\Wasserloch01.csproj", "{26D1486C-5535-4FAD-A64E-FC7D5D6D6961}"
EndProject
Project("{2150E333-8FDC-42A3-9474-1A3956D46DE8}") = "Warpkern", "Warpkern", "{0D38D878-D61C-4B57-B765-51D1B8850FC9}"
EndProject
Project("{FAE04EC0-301F-11D3-BF4B-00C04F79EFBC}") = "WarpKern01", "WarpKern01\WarpKern01.csproj", "{F62F4DB9-02F5-4AF9-B297-A0851FCA4DEA}"
EndProject
Project("{2150E333-8FDC-42A3-9474-1A3956D46DE8}") = "day6", "day6", "{7418C699-78FA-481A-AEAE-0687936E7B75}"
EndProject
Project("{2150E333-8FDC-42A3-9474-1A3956D46DE8}") = "StringsTests", "StringsTests", "{549F7620-20D8-4EFE-8ECE-598B779BD8F9}"
EndProject
Project("{FAE04EC0-301F-11D3-BF4B-00C04F79EFBC}") = "Strings", "Strings\Strings.csproj", "{00218442-E0FF-464D-9102-1F8EACB03CE9}"
EndProject
Project("{2150E333-8FDC-42A3-9474-1A3956D46DE8}") = "Strings1", "Strings1", "{81FA2582-7020-4A26-AE8E-452F270F7546}"
EndProject
Project("{FAE04EC0-301F-11D3-BF4B-00C04F79EFBC}") = "Strings1", "Strings1\Strings1.csproj", "{5F78A29E-AA7D-40CC-8935-A498677425DF}"
EndProject
Project("{2150E333-8FDC-42A3-9474-1A3956D46DE8}") = "Palindrom", "Palindrom", "{E3673B4C-1BA0-4539-8032-D574D32C75F8}"
EndProject
Project("{FAE04EC0-301F-11D3-BF4B-00C04F79EFBC}") = "Palindrom", "Palindrom\Palindrom.csproj", "{C916DE2C-67FC-42C8-9B1F-0A86AC03FBD2}"
EndProject
Project("{2150E333-8FDC-42A3-9474-1A3956D46DE8}") = "Duplicates", "Duplicates", "{E041034C-DE9C-4C1F-8E79-3C2D690C335A}"
EndProject
Project("{FAE04EC0-301F-11D3-BF4B-00C04F79EFBC}") = "Duplicates", "Duplicates\Duplicates.csproj", "{374BD906-AA53-4B6D-8728-A53ADBF9AD39}"
EndProject
Project("{2150E333-8FDC-42A3-9474-1A3956D46DE8}") = "RemoveDuplicates", "RemoveDuplicates", "{728F2E4D-2E12-4172-90AA-5BC0CC196A4E}"
EndProject
Project("{FAE04EC0-301F-11D3-BF4B-00C04F79EFBC}") = "RemoveDuplicates", "RemoveDuplicates\RemoveDuplicates.csproj", "{A459F484-11AE-43A2-B90A-5604B9578BF6}"
EndProject
Project("{2150E333-8FDC-42A3-9474-1A3956D46DE8}") = "Capitalize", "Capitalize", "{8E99D423-CD9E-436C-A543-5FFF85B116B4}"
EndProject
Project("{FAE04EC0-301F-11D3-BF4B-00C04F79EFBC}") = "Capitalize", "Capitalize\Capitalize.csproj", "{2E618C1C-8508-4FC7-9D91-ADA061B0DB58}"
EndProject
Project("{2150E333-8FDC-42A3-9474-1A3956D46DE8}") = "StringBuilder", "StringBuilder", "{D6966469-C249-40F7-90D5-AC9A88178B74}"
EndProject
Project("{FAE04EC0-301F-11D3-BF4B-00C04F79EFBC}") = "StrimgBuilder01", "StrimgBuilder01\StrimgBuilder01.csproj", "{F69E6962-6DE9-4A9E-B80E-5D8210559DCD}"
EndProject
Project("{2150E333-8FDC-42A3-9474-1A3956D46DE8}") = "StringBuilder02", "StringBuilder02", "{7A38FD64-8D9E-4005-8171-BAD61F113E26}"
EndProject
Project("{FAE04EC0-301F-11D3-BF4B-00C04F79EFBC}") = "StringBuilder02", "StringBuilder02\StringBuilder02.csproj", "{FC081F4F-6CCA-4E65-91E2-D8E2A4DF1320}"
EndProject
Project("{2150E333-8FDC-42A3-9474-1A3956D46DE8}") = "day7", "day7", "{12EFDFC4-1B61-4973-AFCE-52912D98F56D}"
EndProject
Project("{2150E333-8FDC-42A3-9474-1A3956D46DE8}") = "Baumarkt", "Baumarkt", "{439BA1C5-9337-4638-81FD-A33342320474}"
EndProject
Project("{FAE04EC0-301F-11D3-BF4B-00C04F79EFBC}") = "Baumarkt", "Baumarkt\Baumarkt.csproj", "{30C60D36-AE4B-45E7-960C-7E23D49C79A5}"
EndProject
Project("{2150E333-8FDC-42A3-9474-1A3956D46DE8}") = "BeispielExtensionMethods", "BeispielExtensionMethods", "{543AE0FB-204E-46A2-BD1B-BFEF87BA09B1}"
EndProject
Project("{FAE04EC0-301F-11D3-BF4B-00C04F79EFBC}") = "BeispielExtensionMethods", "BeispielExtensionMethods\BeispielExtensionMethods.csproj", "{0301F42F-1D33-46C8-A56E-5920EAF663A4}"
EndProject
Project("{2150E333-8FDC-42A3-9474-1A3956D46DE8}") = "day8", "day8", "{E95EF284-9242-47EE-9371-370DBC52B4BC}"
EndProject
Project("{2150E333-8FDC-42A3-9474-1A3956D46DE8}") = "ExtensionMethods ", "ExtensionMethods ", "{8CD9C4C4-934E-470D-87CC-684CD62EB12B}"
EndProject
Project("{FAE04EC0-301F-11D3-BF4B-00C04F79EFBC}") = "ExtensionMethods01", "ExtensionMethods01\ExtensionMethods01.csproj", "{755CD6BC-37EC-4BBB-B3B1-7DE72A670DBA}"
EndProject
Project("{FAE04EC0-301F-11D3-BF4B-00C04F79EFBC}") = "LinqAnonymeTypen", "LinqAnonymeTypen\LinqAnonymeTypen.csproj", "{F94A3DB9-7195-430E-894B-17B147A6211D}"
EndProject
Project("{2150E333-8FDC-42A3-9474-1A3956D46DE8}") = "Linq02", "Linq02", "{70CF1343-29CD-4604-9F19-24B0E10B3432}"
EndProject
Project("{FAE04EC0-301F-11D3-BF4B-00C04F79EFBC}") = "Linq02", "Linq02\Linq02.csproj", "{DD85C1A0-AD6A-471E-A40B-F7461969808B}"
EndProject
Project("{2150E333-8FDC-42A3-9474-1A3956D46DE8}") = "Linq01", "Linq01", "{682B0669-BA03-4A9B-AD8D-8114F9394665}"
EndProject
Project("{2150E333-8FDC-42A3-9474-1A3956D46DE8}") = "AufgabeFilterung", "AufgabeFilterung", "{12B0EB08-2728-4A57-BFF5-92E9D123C5C3}"
EndProject
Project("{FAE04EC0-301F-11D3-BF4B-00C04F79EFBC}") = "Filter", "Filter\Filter.csproj", "{4FBDDB52-5AB3-4E99-8724-8E5FE4EE85BF}"
EndProject
Project("{2150E333-8FDC-42A3-9474-1A3956D46DE8}") = "day9", "day9", "{69A2AA34-D04D-4FFF-B71B-BB28B253B35E}"
EndProject
Project("{2150E333-8FDC-42A3-9474-1A3956D46DE8}") = "OrdeerBy", "OrdeerBy", "{F7CDC1AD-7E05-4A40-B00F-FB50B314C911}"
EndProject
Project("{FAE04EC0-301F-11D3-BF4B-00C04F79EFBC}") = "OrderBy", "OrderBy\OrderBy.csproj", "{9C9F5B40-35CA-4B90-929C-42A7DD725C49}"
EndProject
Project("{2150E333-8FDC-42A3-9474-1A3956D46DE8}") = "AufgabenOrderBy", "AufgabenOrderBy", "{9DB3F127-DD0C-48D1-B450-3F466A2B304F}"
EndProject
Project("{FAE04EC0-301F-11D3-BF4B-00C04F79EFBC}") = "AufgabenOrderBy", "AufgabenOrderBy\AufgabenOrderBy.csproj", "{8B0C317D-D1B8-4C53-8AC0-2681FB2C50C5}"
EndProject
Project("{2150E333-8FDC-42A3-9474-1A3956D46DE8}") = "Linq4", "Linq4", "{0F1361CE-0DF5-46A2-919A-025D03D96B38}"
EndProject
Project("{FAE04EC0-301F-11D3-BF4B-00C04F79EFBC}") = "Linq4", "Linq4\Linq4.csproj", "{3A964F80-166B-4ED8-9133-68A052A98FC3}"
EndProject
Project("{2150E333-8FDC-42A3-9474-1A3956D46DE8}") = "Pagination", "Pagination", "{F38D302F-11CA-4A59-9AB6-14C5ADD1AA8B}"
EndProject
Project("{FAE04EC0-301F-11D3-BF4B-00C04F79EFBC}") = "Pagination", "Pagination\Pagination.csproj", "{ACE6EEA1-D87F-455C-8F2B-01679C2354D6}"
EndProject
Project("{2150E333-8FDC-42A3-9474-1A3956D46DE8}") = "Aggregation", "Aggregation", "{FCC6A75E-E5EB-4E7E-B664-8E7A9E7F04C0}"
EndProject
Project("{FAE04EC0-301F-11D3-BF4B-00C04F79EFBC}") = "Aggregation", "Aggregation\Aggregation.csproj", "{02254A0C-AB6B-4873-AF14-0976F400BF84}"
EndProject
Global
	GlobalSection(SolutionConfigurationPlatforms) = preSolution
		Debug|Any CPU = Debug|Any CPU
		Release|Any CPU = Release|Any CPU
	EndGlobalSection
	GlobalSection(ProjectConfigurationPlatforms) = postSolution
		{2391F212-6630-47B5-9B9F-BD869ED07CFA}.Debug|Any CPU.ActiveCfg = Debug|Any CPU
		{2391F212-6630-47B5-9B9F-BD869ED07CFA}.Debug|Any CPU.Build.0 = Debug|Any CPU
		{2391F212-6630-47B5-9B9F-BD869ED07CFA}.Release|Any CPU.ActiveCfg = Release|Any CPU
		{2391F212-6630-47B5-9B9F-BD869ED07CFA}.Release|Any CPU.Build.0 = Release|Any CPU
		{CE28CF40-9FC8-4A12-8102-6E4CC8B0A350}.Debug|Any CPU.ActiveCfg = Debug|Any CPU
		{CE28CF40-9FC8-4A12-8102-6E4CC8B0A350}.Debug|Any CPU.Build.0 = Debug|Any CPU
		{CE28CF40-9FC8-4A12-8102-6E4CC8B0A350}.Release|Any CPU.ActiveCfg = Release|Any CPU
		{CE28CF40-9FC8-4A12-8102-6E4CC8B0A350}.Release|Any CPU.Build.0 = Release|Any CPU
		{0D4E1AE4-1289-46B9-8D0D-8DCAA7859187}.Debug|Any CPU.ActiveCfg = Debug|Any CPU
		{0D4E1AE4-1289-46B9-8D0D-8DCAA7859187}.Debug|Any CPU.Build.0 = Debug|Any CPU
		{0D4E1AE4-1289-46B9-8D0D-8DCAA7859187}.Release|Any CPU.ActiveCfg = Release|Any CPU
		{0D4E1AE4-1289-46B9-8D0D-8DCAA7859187}.Release|Any CPU.Build.0 = Release|Any CPU
		{F4DAB4A8-34F8-4C5D-BA97-CC67F358FC6E}.Debug|Any CPU.ActiveCfg = Debug|Any CPU
		{F4DAB4A8-34F8-4C5D-BA97-CC67F358FC6E}.Debug|Any CPU.Build.0 = Debug|Any CPU
		{F4DAB4A8-34F8-4C5D-BA97-CC67F358FC6E}.Release|Any CPU.ActiveCfg = Release|Any CPU
		{F4DAB4A8-34F8-4C5D-BA97-CC67F358FC6E}.Release|Any CPU.Build.0 = Release|Any CPU
		{5CEA1454-35DF-415F-AD2F-D1D793BE42A2}.Debug|Any CPU.ActiveCfg = Debug|Any CPU
		{5CEA1454-35DF-415F-AD2F-D1D793BE42A2}.Debug|Any CPU.Build.0 = Debug|Any CPU
		{5CEA1454-35DF-415F-AD2F-D1D793BE42A2}.Release|Any CPU.ActiveCfg = Release|Any CPU
		{5CEA1454-35DF-415F-AD2F-D1D793BE42A2}.Release|Any CPU.Build.0 = Release|Any CPU
		{426AFD94-4A2F-485B-BE4A-B778575BB190}.Debug|Any CPU.ActiveCfg = Debug|Any CPU
		{426AFD94-4A2F-485B-BE4A-B778575BB190}.Debug|Any CPU.Build.0 = Debug|Any CPU
		{426AFD94-4A2F-485B-BE4A-B778575BB190}.Release|Any CPU.ActiveCfg = Release|Any CPU
		{426AFD94-4A2F-485B-BE4A-B778575BB190}.Release|Any CPU.Build.0 = Release|Any CPU
		{8361FD34-99F8-4DBE-995F-896CC7EE0EA1}.Debug|Any CPU.ActiveCfg = Debug|Any CPU
		{8361FD34-99F8-4DBE-995F-896CC7EE0EA1}.Debug|Any CPU.Build.0 = Debug|Any CPU
		{8361FD34-99F8-4DBE-995F-896CC7EE0EA1}.Release|Any CPU.ActiveCfg = Release|Any CPU
		{8361FD34-99F8-4DBE-995F-896CC7EE0EA1}.Release|Any CPU.Build.0 = Release|Any CPU
		{1A8A2F72-F649-4A1D-9A9A-3FDC598267F7}.Debug|Any CPU.ActiveCfg = Debug|Any CPU
		{1A8A2F72-F649-4A1D-9A9A-3FDC598267F7}.Debug|Any CPU.Build.0 = Debug|Any CPU
		{1A8A2F72-F649-4A1D-9A9A-3FDC598267F7}.Release|Any CPU.ActiveCfg = Release|Any CPU
		{1A8A2F72-F649-4A1D-9A9A-3FDC598267F7}.Release|Any CPU.Build.0 = Release|Any CPU
		{1875BE72-0106-4169-9B3D-C47D94159F68}.Debug|Any CPU.ActiveCfg = Debug|Any CPU
		{1875BE72-0106-4169-9B3D-C47D94159F68}.Debug|Any CPU.Build.0 = Debug|Any CPU
		{1875BE72-0106-4169-9B3D-C47D94159F68}.Release|Any CPU.ActiveCfg = Release|Any CPU
		{1875BE72-0106-4169-9B3D-C47D94159F68}.Release|Any CPU.Build.0 = Release|Any CPU
		{E2051D52-3A37-4425-9326-A3D034966CDA}.Debug|Any CPU.ActiveCfg = Debug|Any CPU
		{E2051D52-3A37-4425-9326-A3D034966CDA}.Debug|Any CPU.Build.0 = Debug|Any CPU
		{E2051D52-3A37-4425-9326-A3D034966CDA}.Release|Any CPU.ActiveCfg = Release|Any CPU
		{E2051D52-3A37-4425-9326-A3D034966CDA}.Release|Any CPU.Build.0 = Release|Any CPU
		{807CDD2F-E7E6-4ECD-BBCD-5CBB64032A18}.Debug|Any CPU.ActiveCfg = Debug|Any CPU
		{807CDD2F-E7E6-4ECD-BBCD-5CBB64032A18}.Debug|Any CPU.Build.0 = Debug|Any CPU
		{807CDD2F-E7E6-4ECD-BBCD-5CBB64032A18}.Release|Any CPU.ActiveCfg = Release|Any CPU
		{807CDD2F-E7E6-4ECD-BBCD-5CBB64032A18}.Release|Any CPU.Build.0 = Release|Any CPU
		{A524E044-CFA8-48A8-B9D5-E1026E87DEB9}.Debug|Any CPU.ActiveCfg = Debug|Any CPU
		{A524E044-CFA8-48A8-B9D5-E1026E87DEB9}.Debug|Any CPU.Build.0 = Debug|Any CPU
		{A524E044-CFA8-48A8-B9D5-E1026E87DEB9}.Release|Any CPU.ActiveCfg = Release|Any CPU
		{A524E044-CFA8-48A8-B9D5-E1026E87DEB9}.Release|Any CPU.Build.0 = Release|Any CPU
		{C74F1CCC-4996-4EEB-A51D-F2D949D5FF18}.Debug|Any CPU.ActiveCfg = Debug|Any CPU
		{C74F1CCC-4996-4EEB-A51D-F2D949D5FF18}.Debug|Any CPU.Build.0 = Debug|Any CPU
		{C74F1CCC-4996-4EEB-A51D-F2D949D5FF18}.Release|Any CPU.ActiveCfg = Release|Any CPU
		{C74F1CCC-4996-4EEB-A51D-F2D949D5FF18}.Release|Any CPU.Build.0 = Release|Any CPU
		{C9875934-66A1-4821-9FC2-300B45D4B5BD}.Debug|Any CPU.ActiveCfg = Debug|Any CPU
		{C9875934-66A1-4821-9FC2-300B45D4B5BD}.Debug|Any CPU.Build.0 = Debug|Any CPU
		{C9875934-66A1-4821-9FC2-300B45D4B5BD}.Release|Any CPU.ActiveCfg = Release|Any CPU
		{C9875934-66A1-4821-9FC2-300B45D4B5BD}.Release|Any CPU.Build.0 = Release|Any CPU
		{33E5364B-92D5-40D8-920B-203EA1FF2103}.Debug|Any CPU.ActiveCfg = Debug|Any CPU
		{33E5364B-92D5-40D8-920B-203EA1FF2103}.Debug|Any CPU.Build.0 = Debug|Any CPU
		{33E5364B-92D5-40D8-920B-203EA1FF2103}.Release|Any CPU.ActiveCfg = Release|Any CPU
		{33E5364B-92D5-40D8-920B-203EA1FF2103}.Release|Any CPU.Build.0 = Release|Any CPU
		{E601210A-5A87-477C-AF02-C66A685C501E}.Debug|Any CPU.ActiveCfg = Debug|Any CPU
		{E601210A-5A87-477C-AF02-C66A685C501E}.Debug|Any CPU.Build.0 = Debug|Any CPU
		{E601210A-5A87-477C-AF02-C66A685C501E}.Release|Any CPU.ActiveCfg = Release|Any CPU
		{E601210A-5A87-477C-AF02-C66A685C501E}.Release|Any CPU.Build.0 = Release|Any CPU
		{AF065F7F-E17B-4C00-9021-EE7B98C213E0}.Debug|Any CPU.ActiveCfg = Debug|Any CPU
		{AF065F7F-E17B-4C00-9021-EE7B98C213E0}.Debug|Any CPU.Build.0 = Debug|Any CPU
		{AF065F7F-E17B-4C00-9021-EE7B98C213E0}.Release|Any CPU.ActiveCfg = Release|Any CPU
		{AF065F7F-E17B-4C00-9021-EE7B98C213E0}.Release|Any CPU.Build.0 = Release|Any CPU
		{A703C63A-C8AB-422E-88F9-957AC7DC1875}.Debug|Any CPU.ActiveCfg = Debug|Any CPU
		{A703C63A-C8AB-422E-88F9-957AC7DC1875}.Debug|Any CPU.Build.0 = Debug|Any CPU
		{A703C63A-C8AB-422E-88F9-957AC7DC1875}.Release|Any CPU.ActiveCfg = Release|Any CPU
		{A703C63A-C8AB-422E-88F9-957AC7DC1875}.Release|Any CPU.Build.0 = Release|Any CPU
		{ADE6382A-E466-41A1-8C43-478D077DBDF3}.Debug|Any CPU.ActiveCfg = Debug|Any CPU
		{ADE6382A-E466-41A1-8C43-478D077DBDF3}.Debug|Any CPU.Build.0 = Debug|Any CPU
		{ADE6382A-E466-41A1-8C43-478D077DBDF3}.Release|Any CPU.ActiveCfg = Release|Any CPU
		{ADE6382A-E466-41A1-8C43-478D077DBDF3}.Release|Any CPU.Build.0 = Release|Any CPU
		{63321AF8-2E5A-4774-BA9A-A1990E4CF7ED}.Debug|Any CPU.ActiveCfg = Debug|Any CPU
		{63321AF8-2E5A-4774-BA9A-A1990E4CF7ED}.Debug|Any CPU.Build.0 = Debug|Any CPU
		{63321AF8-2E5A-4774-BA9A-A1990E4CF7ED}.Release|Any CPU.ActiveCfg = Release|Any CPU
		{63321AF8-2E5A-4774-BA9A-A1990E4CF7ED}.Release|Any CPU.Build.0 = Release|Any CPU
		{39AF15CC-7EF1-4FFF-94BF-46AB0C68A7E6}.Debug|Any CPU.ActiveCfg = Debug|Any CPU
		{39AF15CC-7EF1-4FFF-94BF-46AB0C68A7E6}.Debug|Any CPU.Build.0 = Debug|Any CPU
		{39AF15CC-7EF1-4FFF-94BF-46AB0C68A7E6}.Release|Any CPU.ActiveCfg = Release|Any CPU
		{39AF15CC-7EF1-4FFF-94BF-46AB0C68A7E6}.Release|Any CPU.Build.0 = Release|Any CPU
		{26D1486C-5535-4FAD-A64E-FC7D5D6D6961}.Debug|Any CPU.ActiveCfg = Debug|Any CPU
		{26D1486C-5535-4FAD-A64E-FC7D5D6D6961}.Debug|Any CPU.Build.0 = Debug|Any CPU
		{26D1486C-5535-4FAD-A64E-FC7D5D6D6961}.Release|Any CPU.ActiveCfg = Release|Any CPU
		{26D1486C-5535-4FAD-A64E-FC7D5D6D6961}.Release|Any CPU.Build.0 = Release|Any CPU
		{F62F4DB9-02F5-4AF9-B297-A0851FCA4DEA}.Debug|Any CPU.ActiveCfg = Debug|Any CPU
		{F62F4DB9-02F5-4AF9-B297-A0851FCA4DEA}.Debug|Any CPU.Build.0 = Debug|Any CPU
		{F62F4DB9-02F5-4AF9-B297-A0851FCA4DEA}.Release|Any CPU.ActiveCfg = Release|Any CPU
		{F62F4DB9-02F5-4AF9-B297-A0851FCA4DEA}.Release|Any CPU.Build.0 = Release|Any CPU
		{00218442-E0FF-464D-9102-1F8EACB03CE9}.Debug|Any CPU.ActiveCfg = Debug|Any CPU
		{00218442-E0FF-464D-9102-1F8EACB03CE9}.Debug|Any CPU.Build.0 = Debug|Any CPU
		{00218442-E0FF-464D-9102-1F8EACB03CE9}.Release|Any CPU.ActiveCfg = Release|Any CPU
		{00218442-E0FF-464D-9102-1F8EACB03CE9}.Release|Any CPU.Build.0 = Release|Any CPU
		{5F78A29E-AA7D-40CC-8935-A498677425DF}.Debug|Any CPU.ActiveCfg = Debug|Any CPU
		{5F78A29E-AA7D-40CC-8935-A498677425DF}.Debug|Any CPU.Build.0 = Debug|Any CPU
		{5F78A29E-AA7D-40CC-8935-A498677425DF}.Release|Any CPU.ActiveCfg = Release|Any CPU
		{5F78A29E-AA7D-40CC-8935-A498677425DF}.Release|Any CPU.Build.0 = Release|Any CPU
		{C916DE2C-67FC-42C8-9B1F-0A86AC03FBD2}.Debug|Any CPU.ActiveCfg = Debug|Any CPU
		{C916DE2C-67FC-42C8-9B1F-0A86AC03FBD2}.Debug|Any CPU.Build.0 = Debug|Any CPU
		{C916DE2C-67FC-42C8-9B1F-0A86AC03FBD2}.Release|Any CPU.ActiveCfg = Release|Any CPU
		{C916DE2C-67FC-42C8-9B1F-0A86AC03FBD2}.Release|Any CPU.Build.0 = Release|Any CPU
		{374BD906-AA53-4B6D-8728-A53ADBF9AD39}.Debug|Any CPU.ActiveCfg = Debug|Any CPU
		{374BD906-AA53-4B6D-8728-A53ADBF9AD39}.Debug|Any CPU.Build.0 = Debug|Any CPU
		{374BD906-AA53-4B6D-8728-A53ADBF9AD39}.Release|Any CPU.ActiveCfg = Release|Any CPU
		{374BD906-AA53-4B6D-8728-A53ADBF9AD39}.Release|Any CPU.Build.0 = Release|Any CPU
		{A459F484-11AE-43A2-B90A-5604B9578BF6}.Debug|Any CPU.ActiveCfg = Debug|Any CPU
		{A459F484-11AE-43A2-B90A-5604B9578BF6}.Debug|Any CPU.Build.0 = Debug|Any CPU
		{A459F484-11AE-43A2-B90A-5604B9578BF6}.Release|Any CPU.ActiveCfg = Release|Any CPU
		{A459F484-11AE-43A2-B90A-5604B9578BF6}.Release|Any CPU.Build.0 = Release|Any CPU
		{2E618C1C-8508-4FC7-9D91-ADA061B0DB58}.Debug|Any CPU.ActiveCfg = Debug|Any CPU
		{2E618C1C-8508-4FC7-9D91-ADA061B0DB58}.Debug|Any CPU.Build.0 = Debug|Any CPU
		{2E618C1C-8508-4FC7-9D91-ADA061B0DB58}.Release|Any CPU.ActiveCfg = Release|Any CPU
		{2E618C1C-8508-4FC7-9D91-ADA061B0DB58}.Release|Any CPU.Build.0 = Release|Any CPU
		{F69E6962-6DE9-4A9E-B80E-5D8210559DCD}.Debug|Any CPU.ActiveCfg = Debug|Any CPU
		{F69E6962-6DE9-4A9E-B80E-5D8210559DCD}.Debug|Any CPU.Build.0 = Debug|Any CPU
		{F69E6962-6DE9-4A9E-B80E-5D8210559DCD}.Release|Any CPU.ActiveCfg = Release|Any CPU
		{F69E6962-6DE9-4A9E-B80E-5D8210559DCD}.Release|Any CPU.Build.0 = Release|Any CPU
		{FC081F4F-6CCA-4E65-91E2-D8E2A4DF1320}.Debug|Any CPU.ActiveCfg = Debug|Any CPU
		{FC081F4F-6CCA-4E65-91E2-D8E2A4DF1320}.Debug|Any CPU.Build.0 = Debug|Any CPU
		{FC081F4F-6CCA-4E65-91E2-D8E2A4DF1320}.Release|Any CPU.ActiveCfg = Release|Any CPU
		{FC081F4F-6CCA-4E65-91E2-D8E2A4DF1320}.Release|Any CPU.Build.0 = Release|Any CPU
		{30C60D36-AE4B-45E7-960C-7E23D49C79A5}.Debug|Any CPU.ActiveCfg = Debug|Any CPU
		{30C60D36-AE4B-45E7-960C-7E23D49C79A5}.Debug|Any CPU.Build.0 = Debug|Any CPU
		{30C60D36-AE4B-45E7-960C-7E23D49C79A5}.Release|Any CPU.ActiveCfg = Release|Any CPU
		{30C60D36-AE4B-45E7-960C-7E23D49C79A5}.Release|Any CPU.Build.0 = Release|Any CPU
		{0301F42F-1D33-46C8-A56E-5920EAF663A4}.Debug|Any CPU.ActiveCfg = Debug|Any CPU
		{0301F42F-1D33-46C8-A56E-5920EAF663A4}.Debug|Any CPU.Build.0 = Debug|Any CPU
		{0301F42F-1D33-46C8-A56E-5920EAF663A4}.Release|Any CPU.ActiveCfg = Release|Any CPU
		{0301F42F-1D33-46C8-A56E-5920EAF663A4}.Release|Any CPU.Build.0 = Release|Any CPU
		{755CD6BC-37EC-4BBB-B3B1-7DE72A670DBA}.Debug|Any CPU.ActiveCfg = Debug|Any CPU
		{755CD6BC-37EC-4BBB-B3B1-7DE72A670DBA}.Debug|Any CPU.Build.0 = Debug|Any CPU
		{755CD6BC-37EC-4BBB-B3B1-7DE72A670DBA}.Release|Any CPU.ActiveCfg = Release|Any CPU
		{755CD6BC-37EC-4BBB-B3B1-7DE72A670DBA}.Release|Any CPU.Build.0 = Release|Any CPU
		{F94A3DB9-7195-430E-894B-17B147A6211D}.Debug|Any CPU.ActiveCfg = Debug|Any CPU
		{F94A3DB9-7195-430E-894B-17B147A6211D}.Debug|Any CPU.Build.0 = Debug|Any CPU
		{F94A3DB9-7195-430E-894B-17B147A6211D}.Release|Any CPU.ActiveCfg = Release|Any CPU
		{F94A3DB9-7195-430E-894B-17B147A6211D}.Release|Any CPU.Build.0 = Release|Any CPU
		{DD85C1A0-AD6A-471E-A40B-F7461969808B}.Debug|Any CPU.ActiveCfg = Debug|Any CPU
		{DD85C1A0-AD6A-471E-A40B-F7461969808B}.Debug|Any CPU.Build.0 = Debug|Any CPU
		{DD85C1A0-AD6A-471E-A40B-F7461969808B}.Release|Any CPU.ActiveCfg = Release|Any CPU
		{DD85C1A0-AD6A-471E-A40B-F7461969808B}.Release|Any CPU.Build.0 = Release|Any CPU
		{4FBDDB52-5AB3-4E99-8724-8E5FE4EE85BF}.Debug|Any CPU.ActiveCfg = Debug|Any CPU
		{4FBDDB52-5AB3-4E99-8724-8E5FE4EE85BF}.Debug|Any CPU.Build.0 = Debug|Any CPU
		{4FBDDB52-5AB3-4E99-8724-8E5FE4EE85BF}.Release|Any CPU.ActiveCfg = Release|Any CPU
		{4FBDDB52-5AB3-4E99-8724-8E5FE4EE85BF}.Release|Any CPU.Build.0 = Release|Any CPU
		{9C9F5B40-35CA-4B90-929C-42A7DD725C49}.Debug|Any CPU.ActiveCfg = Debug|Any CPU
		{9C9F5B40-35CA-4B90-929C-42A7DD725C49}.Debug|Any CPU.Build.0 = Debug|Any CPU
		{9C9F5B40-35CA-4B90-929C-42A7DD725C49}.Release|Any CPU.ActiveCfg = Release|Any CPU
		{9C9F5B40-35CA-4B90-929C-42A7DD725C49}.Release|Any CPU.Build.0 = Release|Any CPU
		{8B0C317D-D1B8-4C53-8AC0-2681FB2C50C5}.Debug|Any CPU.ActiveCfg = Debug|Any CPU
		{8B0C317D-D1B8-4C53-8AC0-2681FB2C50C5}.Debug|Any CPU.Build.0 = Debug|Any CPU
		{8B0C317D-D1B8-4C53-8AC0-2681FB2C50C5}.Release|Any CPU.ActiveCfg = Release|Any CPU
		{8B0C317D-D1B8-4C53-8AC0-2681FB2C50C5}.Release|Any CPU.Build.0 = Release|Any CPU
		{3A964F80-166B-4ED8-9133-68A052A98FC3}.Debug|Any CPU.ActiveCfg = Debug|Any CPU
		{3A964F80-166B-4ED8-9133-68A052A98FC3}.Debug|Any CPU.Build.0 = Debug|Any CPU
		{3A964F80-166B-4ED8-9133-68A052A98FC3}.Release|Any CPU.ActiveCfg = Release|Any CPU
		{3A964F80-166B-4ED8-9133-68A052A98FC3}.Release|Any CPU.Build.0 = Release|Any CPU
		{ACE6EEA1-D87F-455C-8F2B-01679C2354D6}.Debug|Any CPU.ActiveCfg = Debug|Any CPU
		{ACE6EEA1-D87F-455C-8F2B-01679C2354D6}.Debug|Any CPU.Build.0 = Debug|Any CPU
		{ACE6EEA1-D87F-455C-8F2B-01679C2354D6}.Release|Any CPU.ActiveCfg = Release|Any CPU
		{ACE6EEA1-D87F-455C-8F2B-01679C2354D6}.Release|Any CPU.Build.0 = Release|Any CPU
		{02254A0C-AB6B-4873-AF14-0976F400BF84}.Debug|Any CPU.ActiveCfg = Debug|Any CPU
		{02254A0C-AB6B-4873-AF14-0976F400BF84}.Debug|Any CPU.Build.0 = Debug|Any CPU
		{02254A0C-AB6B-4873-AF14-0976F400BF84}.Release|Any CPU.ActiveCfg = Release|Any CPU
		{02254A0C-AB6B-4873-AF14-0976F400BF84}.Release|Any CPU.Build.0 = Release|Any CPU
	EndGlobalSection
	GlobalSection(NestedProjects) = preSolution
		{AB4CF01D-A4A6-40E7-96AD-FF65BA6AFD2F} = {11019D21-4C29-4261-8EBC-17C5C8FD1DC4}
		{CE28CF40-9FC8-4A12-8102-6E4CC8B0A350} = {AB4CF01D-A4A6-40E7-96AD-FF65BA6AFD2F}
		{C339BBC1-0E92-4069-A5F9-A881B32FA813} = {11019D21-4C29-4261-8EBC-17C5C8FD1DC4}
		{0D4E1AE4-1289-46B9-8D0D-8DCAA7859187} = {C339BBC1-0E92-4069-A5F9-A881B32FA813}
		{50097FA7-B532-41FE-AB75-B86D07F3DE90} = {11019D21-4C29-4261-8EBC-17C5C8FD1DC4}
		{F4DAB4A8-34F8-4C5D-BA97-CC67F358FC6E} = {50097FA7-B532-41FE-AB75-B86D07F3DE90}
		{E037F0D5-9079-4201-8543-1665BBAC2FCE} = {11019D21-4C29-4261-8EBC-17C5C8FD1DC4}
		{5CEA1454-35DF-415F-AD2F-D1D793BE42A2} = {E037F0D5-9079-4201-8543-1665BBAC2FCE}
		{CF25B914-B36F-4340-B65F-F896B0FDF31D} = {11019D21-4C29-4261-8EBC-17C5C8FD1DC4}
		{426AFD94-4A2F-485B-BE4A-B778575BB190} = {CF25B914-B36F-4340-B65F-F896B0FDF31D}
		{82F5F2E3-9DD6-4A0D-9261-5C2B5B3BBE15} = {11019D21-4C29-4261-8EBC-17C5C8FD1DC4}
		{8361FD34-99F8-4DBE-995F-896CC7EE0EA1} = {82F5F2E3-9DD6-4A0D-9261-5C2B5B3BBE15}
		{B72FE8E0-AA95-43B9-964D-3D7C06A67021} = {67F3DEB2-EE6C-42A4-B268-432691B2F5DE}
		{1A8A2F72-F649-4A1D-9A9A-3FDC598267F7} = {B72FE8E0-AA95-43B9-964D-3D7C06A67021}
		{9FDE4237-2C92-4FE9-A9B1-1013FDE5509C} = {67F3DEB2-EE6C-42A4-B268-432691B2F5DE}
		{1875BE72-0106-4169-9B3D-C47D94159F68} = {9FDE4237-2C92-4FE9-A9B1-1013FDE5509C}
		{1E1124BD-5ED9-4AA3-AB15-32FD1C5BBD58} = {67F3DEB2-EE6C-42A4-B268-432691B2F5DE}
		{E2051D52-3A37-4425-9326-A3D034966CDA} = {1E1124BD-5ED9-4AA3-AB15-32FD1C5BBD58}
		{807CDD2F-E7E6-4ECD-BBCD-5CBB64032A18} = {EC0BE2E9-85E4-4ADC-BD65-7CFBF289B70D}
		{5FF9B1D2-AA21-49A1-848E-285CD27617A1} = {EC0BE2E9-85E4-4ADC-BD65-7CFBF289B70D}
		{A524E044-CFA8-48A8-B9D5-E1026E87DEB9} = {5FF9B1D2-AA21-49A1-848E-285CD27617A1}
		{CB3595A3-6E48-4A4A-8D9D-7FCAB6EB1CC6} = {A0E1DAA2-B5A9-4DDD-8702-89222B1C5D5F}
		{C74F1CCC-4996-4EEB-A51D-F2D949D5FF18} = {CB3595A3-6E48-4A4A-8D9D-7FCAB6EB1CC6}
		{AC82962B-0B5A-4911-8BC1-BE599DF0B32A} = {A0E1DAA2-B5A9-4DDD-8702-89222B1C5D5F}
		{C9875934-66A1-4821-9FC2-300B45D4B5BD} = {AC82962B-0B5A-4911-8BC1-BE599DF0B32A}
		{F9000D9D-6870-47AA-A2D1-8FA2382BFDD4} = {A0E1DAA2-B5A9-4DDD-8702-89222B1C5D5F}
		{E9C5F341-6129-4813-9AEF-E0C5BD48CCC0} = {F9000D9D-6870-47AA-A2D1-8FA2382BFDD4}
		{33E5364B-92D5-40D8-920B-203EA1FF2103} = {E9C5F341-6129-4813-9AEF-E0C5BD48CCC0}
		{05A73D60-F817-4AC5-8E47-5B063C7F12BB} = {F9000D9D-6870-47AA-A2D1-8FA2382BFDD4}
		{E601210A-5A87-477C-AF02-C66A685C501E} = {05A73D60-F817-4AC5-8E47-5B063C7F12BB}
		{EEF83E71-BEE6-4E9C-8470-D3CF9E335DF9} = {F9000D9D-6870-47AA-A2D1-8FA2382BFDD4}
		{AF065F7F-E17B-4C00-9021-EE7B98C213E0} = {EEF83E71-BEE6-4E9C-8470-D3CF9E335DF9}
		{89AE0E72-BF34-4C20-B435-C219CEDC03B9} = {DB10FD1F-E061-4D13-A902-33593CB2853C}
		{A703C63A-C8AB-422E-88F9-957AC7DC1875} = {89AE0E72-BF34-4C20-B435-C219CEDC03B9}
		{2A46E296-73F5-4663-9DB5-BBF4D2EDDE9D} = {DB10FD1F-E061-4D13-A902-33593CB2853C}
		{ADE6382A-E466-41A1-8C43-478D077DBDF3} = {2A46E296-73F5-4663-9DB5-BBF4D2EDDE9D}
		{A092ED42-F253-457E-A1EF-4E7CCC42D684} = {2EEE72E3-E225-47D0-8DFA-C16A93B5B0BA}
		{63321AF8-2E5A-4774-BA9A-A1990E4CF7ED} = {A092ED42-F253-457E-A1EF-4E7CCC42D684}
		{706D3E54-4088-4646-8FC8-A636F1651C6C} = {2EEE72E3-E225-47D0-8DFA-C16A93B5B0BA}
		{39AF15CC-7EF1-4FFF-94BF-46AB0C68A7E6} = {706D3E54-4088-4646-8FC8-A636F1651C6C}
		{C6139363-32C3-4D27-8C43-CEDC1FD0B073} = {00823A0D-EBA9-4F15-AAE8-E02C3F43D4AB}
		{26D1486C-5535-4FAD-A64E-FC7D5D6D6961} = {C6139363-32C3-4D27-8C43-CEDC1FD0B073}
		{0D38D878-D61C-4B57-B765-51D1B8850FC9} = {00823A0D-EBA9-4F15-AAE8-E02C3F43D4AB}
		{F62F4DB9-02F5-4AF9-B297-A0851FCA4DEA} = {0D38D878-D61C-4B57-B765-51D1B8850FC9}
		{549F7620-20D8-4EFE-8ECE-598B779BD8F9} = {7418C699-78FA-481A-AEAE-0687936E7B75}
		{00218442-E0FF-464D-9102-1F8EACB03CE9} = {549F7620-20D8-4EFE-8ECE-598B779BD8F9}
		{81FA2582-7020-4A26-AE8E-452F270F7546} = {7418C699-78FA-481A-AEAE-0687936E7B75}
		{5F78A29E-AA7D-40CC-8935-A498677425DF} = {81FA2582-7020-4A26-AE8E-452F270F7546}
		{E3673B4C-1BA0-4539-8032-D574D32C75F8} = {7418C699-78FA-481A-AEAE-0687936E7B75}
		{C916DE2C-67FC-42C8-9B1F-0A86AC03FBD2} = {E3673B4C-1BA0-4539-8032-D574D32C75F8}
		{E041034C-DE9C-4C1F-8E79-3C2D690C335A} = {7418C699-78FA-481A-AEAE-0687936E7B75}
		{374BD906-AA53-4B6D-8728-A53ADBF9AD39} = {E3673B4C-1BA0-4539-8032-D574D32C75F8}
		{728F2E4D-2E12-4172-90AA-5BC0CC196A4E} = {7418C699-78FA-481A-AEAE-0687936E7B75}
		{A459F484-11AE-43A2-B90A-5604B9578BF6} = {E041034C-DE9C-4C1F-8E79-3C2D690C335A}
		{8E99D423-CD9E-436C-A543-5FFF85B116B4} = {7418C699-78FA-481A-AEAE-0687936E7B75}
		{2E618C1C-8508-4FC7-9D91-ADA061B0DB58} = {8E99D423-CD9E-436C-A543-5FFF85B116B4}
		{D6966469-C249-40F7-90D5-AC9A88178B74} = {7418C699-78FA-481A-AEAE-0687936E7B75}
		{F69E6962-6DE9-4A9E-B80E-5D8210559DCD} = {D6966469-C249-40F7-90D5-AC9A88178B74}
		{7A38FD64-8D9E-4005-8171-BAD61F113E26} = {7418C699-78FA-481A-AEAE-0687936E7B75}
		{FC081F4F-6CCA-4E65-91E2-D8E2A4DF1320} = {7A38FD64-8D9E-4005-8171-BAD61F113E26}
		{439BA1C5-9337-4638-81FD-A33342320474} = {12EFDFC4-1B61-4973-AFCE-52912D98F56D}
		{30C60D36-AE4B-45E7-960C-7E23D49C79A5} = {439BA1C5-9337-4638-81FD-A33342320474}
		{543AE0FB-204E-46A2-BD1B-BFEF87BA09B1} = {12EFDFC4-1B61-4973-AFCE-52912D98F56D}
		{0301F42F-1D33-46C8-A56E-5920EAF663A4} = {543AE0FB-204E-46A2-BD1B-BFEF87BA09B1}
		{8CD9C4C4-934E-470D-87CC-684CD62EB12B} = {E95EF284-9242-47EE-9371-370DBC52B4BC}
		{755CD6BC-37EC-4BBB-B3B1-7DE72A670DBA} = {8CD9C4C4-934E-470D-87CC-684CD62EB12B}
		{70CF1343-29CD-4604-9F19-24B0E10B3432} = {E95EF284-9242-47EE-9371-370DBC52B4BC}
		{DD85C1A0-AD6A-471E-A40B-F7461969808B} = {70CF1343-29CD-4604-9F19-24B0E10B3432}
		{682B0669-BA03-4A9B-AD8D-8114F9394665} = {E95EF284-9242-47EE-9371-370DBC52B4BC}
		{F94A3DB9-7195-430E-894B-17B147A6211D} = {682B0669-BA03-4A9B-AD8D-8114F9394665}
		{12B0EB08-2728-4A57-BFF5-92E9D123C5C3} = {E95EF284-9242-47EE-9371-370DBC52B4BC}
		{4FBDDB52-5AB3-4E99-8724-8E5FE4EE85BF} = {12B0EB08-2728-4A57-BFF5-92E9D123C5C3}
		{F7CDC1AD-7E05-4A40-B00F-FB50B314C911} = {69A2AA34-D04D-4FFF-B71B-BB28B253B35E}
		{9C9F5B40-35CA-4B90-929C-42A7DD725C49} = {F7CDC1AD-7E05-4A40-B00F-FB50B314C911}
		{9DB3F127-DD0C-48D1-B450-3F466A2B304F} = {69A2AA34-D04D-4FFF-B71B-BB28B253B35E}
		{8B0C317D-D1B8-4C53-8AC0-2681FB2C50C5} = {9DB3F127-DD0C-48D1-B450-3F466A2B304F}
		{0F1361CE-0DF5-46A2-919A-025D03D96B38} = {69A2AA34-D04D-4FFF-B71B-BB28B253B35E}
		{3A964F80-166B-4ED8-9133-68A052A98FC3} = {0F1361CE-0DF5-46A2-919A-025D03D96B38}
		{F38D302F-11CA-4A59-9AB6-14C5ADD1AA8B} = {69A2AA34-D04D-4FFF-B71B-BB28B253B35E}
		{ACE6EEA1-D87F-455C-8F2B-01679C2354D6} = {F38D302F-11CA-4A59-9AB6-14C5ADD1AA8B}
		{FCC6A75E-E5EB-4E7E-B664-8E7A9E7F04C0} = {69A2AA34-D04D-4FFF-B71B-BB28B253B35E}
		{02254A0C-AB6B-4873-AF14-0976F400BF84} = {FCC6A75E-E5EB-4E7E-B664-8E7A9E7F04C0}
	EndGlobalSection
EndGlobal
