
Microsoft Visual Studio Solution File, Format Version 12.00
Project("{FAE04EC0-301F-11D3-BF4B-00C04F79EFBC}") = "Selig", "Selig\Selig.csproj", "{2391F212-6630-47B5-9B9F-BD869ED07CFA}"
EndProject
Project("{2150E333-8FDC-42A3-9474-1A3956D46DE8}") = "day1", "day1", "{11019D21-4C29-4261-8EBC-17C5C8FD1DC4}"
EndProject
Project("{FAE04EC0-301F-11D3-BF4B-00C04F79EFBC}") = "Methoden", "Methoden\Methoden.csproj", "{CE28CF40-9FC8-4A12-8102-6E4CC8B0A350}"
EndProject
Project("{2150E333-8FDC-42A3-9474-1A3956D46DE8}") = "Methoden", "Methoden", "{AB4CF01D-A4A6-40E7-96AD-FF65BA6AFD2F}"
EndProject
Project("{2150E333-8FDC-42A3-9474-1A3956D46DE8}") = "überschreiben", "überschreiben", "{C339BBC1-0E92-4069-A5F9-A881B32FA813}"
EndProject
Project("{FAE04EC0-301F-11D3-BF4B-00C04F79EFBC}") = "Ueberschreiben", "Ueberschreiben\Ueberschreiben.csproj", "{0D4E1AE4-1289-46B9-8D0D-8DCAA7859187}"
EndProject
Project("{2150E333-8FDC-42A3-9474-1A3956D46DE8}") = "Kapselungen", "Kapselungen", "{50097FA7-B532-41FE-AB75-B86D07F3DE90}"
EndProject
Project("{FAE04EC0-301F-11D3-BF4B-00C04F79EFBC}") = "Kapselung", "Kapselung\Kapselung.csproj", "{F4DAB4A8-34F8-4C5D-BA97-CC67F358FC6E}"
EndProject
Project("{2150E333-8FDC-42A3-9474-1A3956D46DE8}") = "Beziehungen", "Beziehungen", "{E037F0D5-9079-4201-8543-1665BBAC2FCE}"
EndProject
Project("{FAE04EC0-301F-11D3-BF4B-00C04F79EFBC}") = "Beziehungen", "Beziehungen\Beziehungen.csproj", "{5CEA1454-35DF-415F-AD2F-D1D793BE42A2}"
EndProject
Project("{2150E333-8FDC-42A3-9474-1A3956D46DE8}") = "Exception1", "Exception1", "{CF25B914-B36F-4340-B65F-F896B0FDF31D}"
EndProject
Project("{FAE04EC0-301F-11D3-BF4B-00C04F79EFBC}") = "Exception1", "Exception1\Exception1.csproj", "{426AFD94-4A2F-485B-BE4A-B778575BB190}"
EndProject
Project("{2150E333-8FDC-42A3-9474-1A3956D46DE8}") = "Exception2", "Exception2", "{82F5F2E3-9DD6-4A0D-9261-5C2B5B3BBE15}"
EndProject
Project("{FAE04EC0-301F-11D3-BF4B-00C04F79EFBC}") = "Exception2", "Exception2\Exception2.csproj", "{8361FD34-99F8-4DBE-995F-896CC7EE0EA1}"
EndProject
Project("{2150E333-8FDC-42A3-9474-1A3956D46DE8}") = "day2", "day2", "{67F3DEB2-EE6C-42A4-B268-432691B2F5DE}"
EndProject
Project("{2150E333-8FDC-42A3-9474-1A3956D46DE8}") = "Exception3", "Exception3", "{B72FE8E0-AA95-43B9-964D-3D7C06A67021}"
EndProject
Project("{FAE04EC0-301F-11D3-BF4B-00C04F79EFBC}") = "Exception3", "Exception3\Exception3.csproj", "{1A8A2F72-F649-4A1D-9A9A-3FDC598267F7}"
EndProject
Project("{2150E333-8FDC-42A3-9474-1A3956D46DE8}") = "Exception4", "Exception4", "{9FDE4237-2C92-4FE9-A9B1-1013FDE5509C}"
EndProject
Project("{FAE04EC0-301F-11D3-BF4B-00C04F79EFBC}") = "Exception4", "Exception4\Exception4.csproj", "{1875BE72-0106-4169-9B3D-C47D94159F68}"
EndProject
Project("{2150E333-8FDC-42A3-9474-1A3956D46DE8}") = "Aufgabe1", "Aufgabe1", "{1E1124BD-5ED9-4AA3-AB15-32FD1C5BBD58}"
EndProject
Project("{FAE04EC0-301F-11D3-BF4B-00C04F79EFBC}") = "Aufgabe1", "Aufgabe1\Aufgabe1.csproj", "{E2051D52-3A37-4425-9326-A3D034966CDA}"
EndProject
Project("{2150E333-8FDC-42A3-9474-1A3956D46DE8}") = "KILearnApp", "KILearnApp", "{EC0BE2E9-85E4-4ADC-BD65-7CFBF289B70D}"
EndProject
Project("{FAE04EC0-301F-11D3-BF4B-00C04F79EFBC}") = "KILearnApp", "KILearnApp\KILearnApp.csproj", "{807CDD2F-E7E6-4ECD-BBCD-5CBB64032A18}"
EndProject
Project("{2150E333-8FDC-42A3-9474-1A3956D46DE8}") = "KiEnemyLearning", "KiEnemyLearning", "{5FF9B1D2-AA21-49A1-848E-285CD27617A1}"
EndProject
Project("{FAE04EC0-301F-11D3-BF4B-00C04F79EFBC}") = "EnemyLearning", "EnemyLearning\EnemyLearning.csproj", "{A524E044-CFA8-48A8-B9D5-E1026E87DEB9}"
EndProject
Project("{2150E333-8FDC-42A3-9474-1A3956D46DE8}") = "day3", "day3", "{A0E1DAA2-B5A9-4DDD-8702-89222B1C5D5F}"
EndProject
Project("{FAE04EC0-301F-11D3-BF4B-00C04F79EFBC}") = "Generics", "Generics\Generics.csproj", "{C74F1CCC-4996-4EEB-A51D-F2D949D5FF18}"
EndProject
Project("{2150E333-8FDC-42A3-9474-1A3956D46DE8}") = "Generics", "Generics", "{CB3595A3-6E48-4A4A-8D9D-7FCAB6EB1CC6}"
EndProject
Project("{2150E333-8FDC-42A3-9474-1A3956D46DE8}") = "GenericRepoistory", "GenericRepoistory", "{AC82962B-0B5A-4911-8BC1-BE599DF0B32A}"
EndProject
Project("{FAE04EC0-301F-11D3-BF4B-00C04F79EFBC}") = "GenericRepository", "GenericRepository\GenericRepository.csproj", "{C9875934-66A1-4821-9FC2-300B45D4B5BD}"
EndProject
Project("{2150E333-8FDC-42A3-9474-1A3956D46DE8}") = "DelegatesAndEvents", "DelegatesAndEvents", "{F9000D9D-6870-47AA-A2D1-8FA2382BFDD4}"
EndProject
Project("{FAE04EC0-301F-11D3-BF4B-00C04F79EFBC}") = "Delegates01", "Delegates01\Delegates01.csproj", "{33E5364B-92D5-40D8-920B-203EA1FF2103}"
EndProject
Project("{2150E333-8FDC-42A3-9474-1A3956D46DE8}") = "Delegates01", "Delegates01", "{E9C5F341-6129-4813-9AEF-E0C5BD48CCC0}"
EndProject
Project("{2150E333-8FDC-42A3-9474-1A3956D46DE8}") = "Delegates02", "Delegates02", "{05A73D60-F817-4AC5-8E47-5B063C7F12BB}"
EndProject
Project("{FAE04EC0-301F-11D3-BF4B-00C04F79EFBC}") = "Delegates02", "Delegates02\Delegates02.csproj", "{E601210A-5A87-477C-AF02-C66A685C501E}"
EndProject
Project("{2150E333-8FDC-42A3-9474-1A3956D46DE8}") = "Delegates03", "Delegates03", "{EEF83E71-BEE6-4E9C-8470-D3CF9E335DF9}"
EndProject
Project("{FAE04EC0-301F-11D3-BF4B-00C04F79EFBC}") = "Delegates03", "Delegates03\Delegates03.csproj", "{AF065F7F-E17B-4C00-9021-EE7B98C213E0}"
EndProject
Global
	GlobalSection(SolutionConfigurationPlatforms) = preSolution
		Debug|Any CPU = Debug|Any CPU
		Release|Any CPU = Release|Any CPU
	EndGlobalSection
	GlobalSection(ProjectConfigurationPlatforms) = postSolution
		{2391F212-6630-47B5-9B9F-BD869ED07CFA}.Debug|Any CPU.ActiveCfg = Debug|Any CPU
		{2391F212-6630-47B5-9B9F-BD869ED07CFA}.Debug|Any CPU.Build.0 = Debug|Any CPU
		{2391F212-6630-47B5-9B9F-BD869ED07CFA}.Release|Any CPU.ActiveCfg = Release|Any CPU
		{2391F212-6630-47B5-9B9F-BD869ED07CFA}.Release|Any CPU.Build.0 = Release|Any CPU
		{CE28CF40-9FC8-4A12-8102-6E4CC8B0A350}.Debug|Any CPU.ActiveCfg = Debug|Any CPU
		{CE28CF40-9FC8-4A12-8102-6E4CC8B0A350}.Debug|Any CPU.Build.0 = Debug|Any CPU
		{CE28CF40-9FC8-4A12-8102-6E4CC8B0A350}.Release|Any CPU.ActiveCfg = Release|Any CPU
		{CE28CF40-9FC8-4A12-8102-6E4CC8B0A350}.Release|Any CPU.Build.0 = Release|Any CPU
		{0D4E1AE4-1289-46B9-8D0D-8DCAA7859187}.Debug|Any CPU.ActiveCfg = Debug|Any CPU
		{0D4E1AE4-1289-46B9-8D0D-8DCAA7859187}.Debug|Any CPU.Build.0 = Debug|Any CPU
		{0D4E1AE4-1289-46B9-8D0D-8DCAA7859187}.Release|Any CPU.ActiveCfg = Release|Any CPU
		{0D4E1AE4-1289-46B9-8D0D-8DCAA7859187}.Release|Any CPU.Build.0 = Release|Any CPU
		{F4DAB4A8-34F8-4C5D-BA97-CC67F358FC6E}.Debug|Any CPU.ActiveCfg = Debug|Any CPU
		{F4DAB4A8-34F8-4C5D-BA97-CC67F358FC6E}.Debug|Any CPU.Build.0 = Debug|Any CPU
		{F4DAB4A8-34F8-4C5D-BA97-CC67F358FC6E}.Release|Any CPU.ActiveCfg = Release|Any CPU
		{F4DAB4A8-34F8-4C5D-BA97-CC67F358FC6E}.Release|Any CPU.Build.0 = Release|Any CPU
		{5CEA1454-35DF-415F-AD2F-D1D793BE42A2}.Debug|Any CPU.ActiveCfg = Debug|Any CPU
		{5CEA1454-35DF-415F-AD2F-D1D793BE42A2}.Debug|Any CPU.Build.0 = Debug|Any CPU
		{5CEA1454-35DF-415F-AD2F-D1D793BE42A2}.Release|Any CPU.ActiveCfg = Release|Any CPU
		{5CEA1454-35DF-415F-AD2F-D1D793BE42A2}.Release|Any CPU.Build.0 = Release|Any CPU
		{426AFD94-4A2F-485B-BE4A-B778575BB190}.Debug|Any CPU.ActiveCfg = Debug|Any CPU
		{426AFD94-4A2F-485B-BE4A-B778575BB190}.Debug|Any CPU.Build.0 = Debug|Any CPU
		{426AFD94-4A2F-485B-BE4A-B778575BB190}.Release|Any CPU.ActiveCfg = Release|Any CPU
		{426AFD94-4A2F-485B-BE4A-B778575BB190}.Release|Any CPU.Build.0 = Release|Any CPU
		{8361FD34-99F8-4DBE-995F-896CC7EE0EA1}.Debug|Any CPU.ActiveCfg = Debug|Any CPU
		{8361FD34-99F8-4DBE-995F-896CC7EE0EA1}.Debug|Any CPU.Build.0 = Debug|Any CPU
		{8361FD34-99F8-4DBE-995F-896CC7EE0EA1}.Release|Any CPU.ActiveCfg = Release|Any CPU
		{8361FD34-99F8-4DBE-995F-896CC7EE0EA1}.Release|Any CPU.Build.0 = Release|Any CPU
		{1A8A2F72-F649-4A1D-9A9A-3FDC598267F7}.Debug|Any CPU.ActiveCfg = Debug|Any CPU
		{1A8A2F72-F649-4A1D-9A9A-3FDC598267F7}.Debug|Any CPU.Build.0 = Debug|Any CPU
		{1A8A2F72-F649-4A1D-9A9A-3FDC598267F7}.Release|Any CPU.ActiveCfg = Release|Any CPU
		{1A8A2F72-F649-4A1D-9A9A-3FDC598267F7}.Release|Any CPU.Build.0 = Release|Any CPU
		{1875BE72-0106-4169-9B3D-C47D94159F68}.Debug|Any CPU.ActiveCfg = Debug|Any CPU
		{1875BE72-0106-4169-9B3D-C47D94159F68}.Debug|Any CPU.Build.0 = Debug|Any CPU
		{1875BE72-0106-4169-9B3D-C47D94159F68}.Release|Any CPU.ActiveCfg = Release|Any CPU
		{1875BE72-0106-4169-9B3D-C47D94159F68}.Release|Any CPU.Build.0 = Release|Any CPU
		{E2051D52-3A37-4425-9326-A3D034966CDA}.Debug|Any CPU.ActiveCfg = Debug|Any CPU
		{E2051D52-3A37-4425-9326-A3D034966CDA}.Debug|Any CPU.Build.0 = Debug|Any CPU
		{E2051D52-3A37-4425-9326-A3D034966CDA}.Release|Any CPU.ActiveCfg = Release|Any CPU
		{E2051D52-3A37-4425-9326-A3D034966CDA}.Release|Any CPU.Build.0 = Release|Any CPU
		{807CDD2F-E7E6-4ECD-BBCD-5CBB64032A18}.Debug|Any CPU.ActiveCfg = Debug|Any CPU
		{807CDD2F-E7E6-4ECD-BBCD-5CBB64032A18}.Debug|Any CPU.Build.0 = Debug|Any CPU
		{807CDD2F-E7E6-4ECD-BBCD-5CBB64032A18}.Release|Any CPU.ActiveCfg = Release|Any CPU
		{807CDD2F-E7E6-4ECD-BBCD-5CBB64032A18}.Release|Any CPU.Build.0 = Release|Any CPU
		{A524E044-CFA8-48A8-B9D5-E1026E87DEB9}.Debug|Any CPU.ActiveCfg = Debug|Any CPU
		{A524E044-CFA8-48A8-B9D5-E1026E87DEB9}.Debug|Any CPU.Build.0 = Debug|Any CPU
		{A524E044-CFA8-48A8-B9D5-E1026E87DEB9}.Release|Any CPU.ActiveCfg = Release|Any CPU
		{A524E044-CFA8-48A8-B9D5-E1026E87DEB9}.Release|Any CPU.Build.0 = Release|Any CPU
		{C74F1CCC-4996-4EEB-A51D-F2D949D5FF18}.Debug|Any CPU.ActiveCfg = Debug|Any CPU
		{C74F1CCC-4996-4EEB-A51D-F2D949D5FF18}.Debug|Any CPU.Build.0 = Debug|Any CPU
		{C74F1CCC-4996-4EEB-A51D-F2D949D5FF18}.Release|Any CPU.ActiveCfg = Release|Any CPU
		{C74F1CCC-4996-4EEB-A51D-F2D949D5FF18}.Release|Any CPU.Build.0 = Release|Any CPU
		{C9875934-66A1-4821-9FC2-300B45D4B5BD}.Debug|Any CPU.ActiveCfg = Debug|Any CPU
		{C9875934-66A1-4821-9FC2-300B45D4B5BD}.Debug|Any CPU.Build.0 = Debug|Any CPU
		{C9875934-66A1-4821-9FC2-300B45D4B5BD}.Release|Any CPU.ActiveCfg = Release|Any CPU
		{C9875934-66A1-4821-9FC2-300B45D4B5BD}.Release|Any CPU.Build.0 = Release|Any CPU
		{33E5364B-92D5-40D8-920B-203EA1FF2103}.Debug|Any CPU.ActiveCfg = Debug|Any CPU
		{33E5364B-92D5-40D8-920B-203EA1FF2103}.Debug|Any CPU.Build.0 = Debug|Any CPU
		{33E5364B-92D5-40D8-920B-203EA1FF2103}.Release|Any CPU.ActiveCfg = Release|Any CPU
		{33E5364B-92D5-40D8-920B-203EA1FF2103}.Release|Any CPU.Build.0 = Release|Any CPU
		{E601210A-5A87-477C-AF02-C66A685C501E}.Debug|Any CPU.ActiveCfg = Debug|Any CPU
		{E601210A-5A87-477C-AF02-C66A685C501E}.Debug|Any CPU.Build.0 = Debug|Any CPU
		{E601210A-5A87-477C-AF02-C66A685C501E}.Release|Any CPU.ActiveCfg = Release|Any CPU
		{E601210A-5A87-477C-AF02-C66A685C501E}.Release|Any CPU.Build.0 = Release|Any CPU
		{AF065F7F-E17B-4C00-9021-EE7B98C213E0}.Debug|Any CPU.ActiveCfg = Debug|Any CPU
		{AF065F7F-E17B-4C00-9021-EE7B98C213E0}.Debug|Any CPU.Build.0 = Debug|Any CPU
		{AF065F7F-E17B-4C00-9021-EE7B98C213E0}.Release|Any CPU.ActiveCfg = Release|Any CPU
		{AF065F7F-E17B-4C00-9021-EE7B98C213E0}.Release|Any CPU.Build.0 = Release|Any CPU
	EndGlobalSection
	GlobalSection(NestedProjects) = preSolution
		{AB4CF01D-A4A6-40E7-96AD-FF65BA6AFD2F} = {11019D21-4C29-4261-8EBC-17C5C8FD1DC4}
		{CE28CF40-9FC8-4A12-8102-6E4CC8B0A350} = {AB4CF01D-A4A6-40E7-96AD-FF65BA6AFD2F}
		{C339BBC1-0E92-4069-A5F9-A881B32FA813} = {11019D21-4C29-4261-8EBC-17C5C8FD1DC4}
		{0D4E1AE4-1289-46B9-8D0D-8DCAA7859187} = {C339BBC1-0E92-4069-A5F9-A881B32FA813}
		{50097FA7-B532-41FE-AB75-B86D07F3DE90} = {11019D21-4C29-4261-8EBC-17C5C8FD1DC4}
		{F4DAB4A8-34F8-4C5D-BA97-CC67F358FC6E} = {50097FA7-B532-41FE-AB75-B86D07F3DE90}
		{E037F0D5-9079-4201-8543-1665BBAC2FCE} = {11019D21-4C29-4261-8EBC-17C5C8FD1DC4}
		{5CEA1454-35DF-415F-AD2F-D1D793BE42A2} = {E037F0D5-9079-4201-8543-1665BBAC2FCE}
		{CF25B914-B36F-4340-B65F-F896B0FDF31D} = {11019D21-4C29-4261-8EBC-17C5C8FD1DC4}
		{426AFD94-4A2F-485B-BE4A-B778575BB190} = {CF25B914-B36F-4340-B65F-F896B0FDF31D}
		{82F5F2E3-9DD6-4A0D-9261-5C2B5B3BBE15} = {11019D21-4C29-4261-8EBC-17C5C8FD1DC4}
		{8361FD34-99F8-4DBE-995F-896CC7EE0EA1} = {82F5F2E3-9DD6-4A0D-9261-5C2B5B3BBE15}
		{B72FE8E0-AA95-43B9-964D-3D7C06A67021} = {67F3DEB2-EE6C-42A4-B268-432691B2F5DE}
		{1A8A2F72-F649-4A1D-9A9A-3FDC598267F7} = {B72FE8E0-AA95-43B9-964D-3D7C06A67021}
		{9FDE4237-2C92-4FE9-A9B1-1013FDE5509C} = {67F3DEB2-EE6C-42A4-B268-432691B2F5DE}
		{1875BE72-0106-4169-9B3D-C47D94159F68} = {9FDE4237-2C92-4FE9-A9B1-1013FDE5509C}
		{1E1124BD-5ED9-4AA3-AB15-32FD1C5BBD58} = {67F3DEB2-EE6C-42A4-B268-432691B2F5DE}
		{E2051D52-3A37-4425-9326-A3D034966CDA} = {1E1124BD-5ED9-4AA3-AB15-32FD1C5BBD58}
		{807CDD2F-E7E6-4ECD-BBCD-5CBB64032A18} = {EC0BE2E9-85E4-4ADC-BD65-7CFBF289B70D}
		{5FF9B1D2-AA21-49A1-848E-285CD27617A1} = {EC0BE2E9-85E4-4ADC-BD65-7CFBF289B70D}
		{A524E044-CFA8-48A8-B9D5-E1026E87DEB9} = {5FF9B1D2-AA21-49A1-848E-285CD27617A1}
		{CB3595A3-6E48-4A4A-8D9D-7FCAB6EB1CC6} = {A0E1DAA2-B5A9-4DDD-8702-89222B1C5D5F}
		{C74F1CCC-4996-4EEB-A51D-F2D949D5FF18} = {CB3595A3-6E48-4A4A-8D9D-7FCAB6EB1CC6}
		{AC82962B-0B5A-4911-8BC1-BE599DF0B32A} = {A0E1DAA2-B5A9-4DDD-8702-89222B1C5D5F}
		{C9875934-66A1-4821-9FC2-300B45D4B5BD} = {AC82962B-0B5A-4911-8BC1-BE599DF0B32A}
		{F9000D9D-6870-47AA-A2D1-8FA2382BFDD4} = {A0E1DAA2-B5A9-4DDD-8702-89222B1C5D5F}
		{E9C5F341-6129-4813-9AEF-E0C5BD48CCC0} = {F9000D9D-6870-47AA-A2D1-8FA2382BFDD4}
		{33E5364B-92D5-40D8-920B-203EA1FF2103} = {E9C5F341-6129-4813-9AEF-E0C5BD48CCC0}
		{05A73D60-F817-4AC5-8E47-5B063C7F12BB} = {F9000D9D-6870-47AA-A2D1-8FA2382BFDD4}
		{E601210A-5A87-477C-AF02-C66A685C501E} = {05A73D60-F817-4AC5-8E47-5B063C7F12BB}
		{EEF83E71-BEE6-4E9C-8470-D3CF9E335DF9} = {F9000D9D-6870-47AA-A2D1-8FA2382BFDD4}
		{AF065F7F-E17B-4C00-9021-EE7B98C213E0} = {EEF83E71-BEE6-4E9C-8470-D3CF9E335DF9}
	EndGlobalSection
EndGlobal
